
Microsoft Visual Studio Solution File, Format Version 12.00
# Visual Studio Version 17
VisualStudioVersion = 17.4.33205.214
MinimumVisualStudioVersion = 10.0.40219.1
Project("{FAE04EC0-301F-11D3-BF4B-00C04F79EFBC}") = "Exploratorul Spatiului", "Exploratorul Spatiului\Exploratorul Spatiului.csproj", "{C461C14C-1C28-49DB-B8B0-0CD035C84FA0}"
EndProject
Global
	GlobalSection(SolutionConfigurationPlatforms) = preSolution
		Debug|Any CPU = Debug|Any CPU
		Release|Any CPU = Release|Any CPU
	EndGlobalSection
	GlobalSection(ProjectConfigurationPlatforms) = postSolution
		{C461C14C-1C28-49DB-B8B0-0CD035C84FA0}.Debug|Any CPU.ActiveCfg = Debug|Any CPU
		{C461C14C-1C28-49DB-B8B0-0CD035C84FA0}.Debug|Any CPU.Build.0 = Debug|Any CPU
		{C461C14C-1C28-49DB-B8B0-0CD035C84FA0}.Release|Any CPU.ActiveCfg = Release|Any CPU
		{C461C14C-1C28-49DB-B8B0-0CD035C84FA0}.Release|Any CPU.Build.0 = Release|Any CPU
	EndGlobalSection
	GlobalSection(SolutionProperties) = preSolution
		HideSolutionNode = FALSE
	EndGlobalSection
	GlobalSection(ExtensibilityGlobals) = postSolution
		SolutionGuid = {9B66A8D3-F856-43B4-B4A8-34B93C4ECE77}
	EndGlobalSection
EndGlobal
